
Microsoft Visual Studio Solution File, Format Version 12.00
# Visual Studio Version 16
VisualStudioVersion = 16.0.31729.503
MinimumVisualStudioVersion = 10.0.40219.1
Project("{FAE04EC0-301F-11D3-BF4B-00C04F79EFBC}") = "SousProgramme", "SousProgramme.csproj", "{AE97D09C-6C1D-4283-9AD0-E24A18E2226B}"
EndProject
Global
	GlobalSection(SolutionConfigurationPlatforms) = preSolution
		Debug|Any CPU = Debug|Any CPU
		Release|Any CPU = Release|Any CPU
	EndGlobalSection
	GlobalSection(ProjectConfigurationPlatforms) = postSolution
		{AE97D09C-6C1D-4283-9AD0-E24A18E2226B}.Debug|Any CPU.ActiveCfg = Debug|Any CPU
		{AE97D09C-6C1D-4283-9AD0-E24A18E2226B}.Debug|Any CPU.Build.0 = Debug|Any CPU
		{AE97D09C-6C1D-4283-9AD0-E24A18E2226B}.Release|Any CPU.ActiveCfg = Release|Any CPU
		{AE97D09C-6C1D-4283-9AD0-E24A18E2226B}.Release|Any CPU.Build.0 = Release|Any CPU
	EndGlobalSection
	GlobalSection(SolutionProperties) = preSolution
		HideSolutionNode = FALSE
	EndGlobalSection
	GlobalSection(ExtensibilityGlobals) = postSolution
		SolutionGuid = {EDCB8862-3D93-4F32-8FC8-C5F5F4ACA5AC}
	EndGlobalSection
EndGlobal
