
Microsoft Visual Studio Solution File, Format Version 12.00
# Visual Studio Version 16
VisualStudioVersion = 16.0.31729.503
MinimumVisualStudioVersion = 10.0.40219.1
Project("{9A19103F-16F7-4668-BE54-9A1E7A4F7556}") = "Api", "Api.csproj", "{8A35C97F-2B74-469F-9221-510B9E80D84D}"
EndProject
Global
	GlobalSection(SolutionConfigurationPlatforms) = preSolution
		Debug|Any CPU = Debug|Any CPU
		Release|Any CPU = Release|Any CPU
	EndGlobalSection
	GlobalSection(ProjectConfigurationPlatforms) = postSolution
		{8A35C97F-2B74-469F-9221-510B9E80D84D}.Debug|Any CPU.ActiveCfg = Debug|Any CPU
		{8A35C97F-2B74-469F-9221-510B9E80D84D}.Debug|Any CPU.Build.0 = Debug|Any CPU
		{8A35C97F-2B74-469F-9221-510B9E80D84D}.Release|Any CPU.ActiveCfg = Release|Any CPU
		{8A35C97F-2B74-469F-9221-510B9E80D84D}.Release|Any CPU.Build.0 = Release|Any CPU
	EndGlobalSection
	GlobalSection(SolutionProperties) = preSolution
		HideSolutionNode = FALSE
	EndGlobalSection
	GlobalSection(ExtensibilityGlobals) = postSolution
		SolutionGuid = {3CFFF8B5-D3C0-48C8-A67A-3A3E79D3C59B}
	EndGlobalSection
EndGlobal
