
Microsoft Visual Studio Solution File, Format Version 12.00
# Visual Studio Version 16
VisualStudioVersion = 16.0.31729.503
MinimumVisualStudioVersion = 10.0.40219.1
Project("{FAE04EC0-301F-11D3-BF4B-00C04F79EFBC}") = "ClasseRectangle", "ClasseRectangle.csproj", "{784CEB58-BA95-4607-BD7C-D99935D6B8DF}"
EndProject
Global
	GlobalSection(SolutionConfigurationPlatforms) = preSolution
		Debug|Any CPU = Debug|Any CPU
		Release|Any CPU = Release|Any CPU
	EndGlobalSection
	GlobalSection(ProjectConfigurationPlatforms) = postSolution
		{784CEB58-BA95-4607-BD7C-D99935D6B8DF}.Debug|Any CPU.ActiveCfg = Debug|Any CPU
		{784CEB58-BA95-4607-BD7C-D99935D6B8DF}.Debug|Any CPU.Build.0 = Debug|Any CPU
		{784CEB58-BA95-4607-BD7C-D99935D6B8DF}.Release|Any CPU.ActiveCfg = Release|Any CPU
		{784CEB58-BA95-4607-BD7C-D99935D6B8DF}.Release|Any CPU.Build.0 = Release|Any CPU
	EndGlobalSection
	GlobalSection(SolutionProperties) = preSolution
		HideSolutionNode = FALSE
	EndGlobalSection
	GlobalSection(ExtensibilityGlobals) = postSolution
		SolutionGuid = {23153F37-B5ED-4767-8914-13F4DF1F31B0}
	EndGlobalSection
EndGlobal
