
Microsoft Visual Studio Solution File, Format Version 12.00
# Visual Studio Version 16
VisualStudioVersion = 16.0.31729.503
MinimumVisualStudioVersion = 10.0.40219.1
Project("{FAE04EC0-301F-11D3-BF4B-00C04F79EFBC}") = "SpaceInvaders", "SpaceInvaders.csproj", "{F18C4CFA-2EC5-42C6-96AD-376DE92317E2}"
EndProject
Global
	GlobalSection(SolutionConfigurationPlatforms) = preSolution
		Debug|Any CPU = Debug|Any CPU
		Release|Any CPU = Release|Any CPU
	EndGlobalSection
	GlobalSection(ProjectConfigurationPlatforms) = postSolution
		{F18C4CFA-2EC5-42C6-96AD-376DE92317E2}.Debug|Any CPU.ActiveCfg = Debug|Any CPU
		{F18C4CFA-2EC5-42C6-96AD-376DE92317E2}.Debug|Any CPU.Build.0 = Debug|Any CPU
		{F18C4CFA-2EC5-42C6-96AD-376DE92317E2}.Release|Any CPU.ActiveCfg = Release|Any CPU
		{F18C4CFA-2EC5-42C6-96AD-376DE92317E2}.Release|Any CPU.Build.0 = Release|Any CPU
	EndGlobalSection
	GlobalSection(SolutionProperties) = preSolution
		HideSolutionNode = FALSE
	EndGlobalSection
	GlobalSection(ExtensibilityGlobals) = postSolution
		SolutionGuid = {CF574BCF-B364-42AC-9889-A665D24F1630}
	EndGlobalSection
EndGlobal
