
Microsoft Visual Studio Solution File, Format Version 12.00
# Visual Studio Version 16
VisualStudioVersion = 16.0.31729.503
MinimumVisualStudioVersion = 10.0.40219.1
Project("{FAE04EC0-301F-11D3-BF4B-00C04F79EFBC}") = "Exercice_Classe", "Exercice_Classe.csproj", "{E780162D-5675-40B0-B41F-B2FD10E58EED}"
EndProject
Global
	GlobalSection(SolutionConfigurationPlatforms) = preSolution
		Debug|Any CPU = Debug|Any CPU
		Release|Any CPU = Release|Any CPU
	EndGlobalSection
	GlobalSection(ProjectConfigurationPlatforms) = postSolution
		{E780162D-5675-40B0-B41F-B2FD10E58EED}.Debug|Any CPU.ActiveCfg = Debug|Any CPU
		{E780162D-5675-40B0-B41F-B2FD10E58EED}.Debug|Any CPU.Build.0 = Debug|Any CPU
		{E780162D-5675-40B0-B41F-B2FD10E58EED}.Release|Any CPU.ActiveCfg = Release|Any CPU
		{E780162D-5675-40B0-B41F-B2FD10E58EED}.Release|Any CPU.Build.0 = Release|Any CPU
	EndGlobalSection
	GlobalSection(SolutionProperties) = preSolution
		HideSolutionNode = FALSE
	EndGlobalSection
	GlobalSection(ExtensibilityGlobals) = postSolution
		SolutionGuid = {2A45971D-CD70-44E1-9490-2CDC925E7487}
	EndGlobalSection
EndGlobal
