
Microsoft Visual Studio Solution File, Format Version 12.00
# Visual Studio Version 16
VisualStudioVersion = 16.0.31729.503
MinimumVisualStudioVersion = 10.0.40219.1
Project("{FAE04EC0-301F-11D3-BF4B-00C04F79EFBC}") = "TestVoiture", "TestVoiture.csproj", "{04CA36E2-7D00-4022-86C2-5C0B495C14C3}"
EndProject
Global
	GlobalSection(SolutionConfigurationPlatforms) = preSolution
		Debug|Any CPU = Debug|Any CPU
		Release|Any CPU = Release|Any CPU
	EndGlobalSection
	GlobalSection(ProjectConfigurationPlatforms) = postSolution
		{04CA36E2-7D00-4022-86C2-5C0B495C14C3}.Debug|Any CPU.ActiveCfg = Debug|Any CPU
		{04CA36E2-7D00-4022-86C2-5C0B495C14C3}.Debug|Any CPU.Build.0 = Debug|Any CPU
		{04CA36E2-7D00-4022-86C2-5C0B495C14C3}.Release|Any CPU.ActiveCfg = Release|Any CPU
		{04CA36E2-7D00-4022-86C2-5C0B495C14C3}.Release|Any CPU.Build.0 = Release|Any CPU
	EndGlobalSection
	GlobalSection(SolutionProperties) = preSolution
		HideSolutionNode = FALSE
	EndGlobalSection
	GlobalSection(ExtensibilityGlobals) = postSolution
		SolutionGuid = {16286B78-551A-4110-80A4-DEA0953F6382}
	EndGlobalSection
EndGlobal
